
Microsoft Visual Studio Solution File, Format Version 12.00
# Visual Studio 2012
Project("{8BC9CEB8-8B4A-11D0-8D11-00A0C91BC942}") = "SpoolerAccess", "SpoolerAccess\SpoolerAccess.vcxproj", "{15571719-ABA6-49F1-AF8F-3E54681593C8}"
EndProject
Project("{FAE04EC0-301F-11D3-BF4B-00C04F79EFBC}") = "SpoolerAccessTesting", "SpoolerAccessTesting\SpoolerAccessTesting.csproj", "{8B493FF7-CCB1-47CD-BA26-49075688E0A0}"
EndProject
Project("{FAE04EC0-301F-11D3-BF4B-00C04F79EFBC}") = "StopPrintJobs", "StopPrintJobs\StopPrintJobs.csproj", "{FD938092-9488-4543-B997-DE30AF25E55D}"
EndProject
Project("{FAE04EC0-301F-11D3-BF4B-00C04F79EFBC}") = "SpoolerAccessPI", "SpoolerAccessPI\SpoolerAccessPI.csproj", "{C9450B6C-8BA5-4028-B863-0E1B30903817}"
EndProject
Global
	GlobalSection(SolutionConfigurationPlatforms) = preSolution
		Debug|Any CPU = Debug|Any CPU
		Debug|Mixed Platforms = Debug|Mixed Platforms
		Debug|Win32 = Debug|Win32
		Debug|x86 = Debug|x86
		Release|Any CPU = Release|Any CPU
		Release|Mixed Platforms = Release|Mixed Platforms
		Release|Win32 = Release|Win32
		Release|x86 = Release|x86
	EndGlobalSection
	GlobalSection(ProjectConfigurationPlatforms) = postSolution
		{15571719-ABA6-49F1-AF8F-3E54681593C8}.Debug|Any CPU.ActiveCfg = Debug|Win32
		{15571719-ABA6-49F1-AF8F-3E54681593C8}.Debug|Mixed Platforms.ActiveCfg = Debug|Win32
		{15571719-ABA6-49F1-AF8F-3E54681593C8}.Debug|Mixed Platforms.Build.0 = Debug|Win32
		{15571719-ABA6-49F1-AF8F-3E54681593C8}.Debug|Win32.ActiveCfg = Debug|Win32
		{15571719-ABA6-49F1-AF8F-3E54681593C8}.Debug|Win32.Build.0 = Debug|Win32
		{15571719-ABA6-49F1-AF8F-3E54681593C8}.Debug|x86.ActiveCfg = Debug|Win32
		{15571719-ABA6-49F1-AF8F-3E54681593C8}.Debug|x86.Build.0 = Debug|Win32
		{15571719-ABA6-49F1-AF8F-3E54681593C8}.Release|Any CPU.ActiveCfg = Release|Win32
		{15571719-ABA6-49F1-AF8F-3E54681593C8}.Release|Mixed Platforms.ActiveCfg = Release|Win32
		{15571719-ABA6-49F1-AF8F-3E54681593C8}.Release|Mixed Platforms.Build.0 = Release|Win32
		{15571719-ABA6-49F1-AF8F-3E54681593C8}.Release|Win32.ActiveCfg = Release|Win32
		{15571719-ABA6-49F1-AF8F-3E54681593C8}.Release|Win32.Build.0 = Release|Win32
		{15571719-ABA6-49F1-AF8F-3E54681593C8}.Release|x86.ActiveCfg = Release|Win32
		{15571719-ABA6-49F1-AF8F-3E54681593C8}.Release|x86.Build.0 = Release|Win32
		{8B493FF7-CCB1-47CD-BA26-49075688E0A0}.Debug|Any CPU.ActiveCfg = Debug|Any CPU
		{8B493FF7-CCB1-47CD-BA26-49075688E0A0}.Debug|Any CPU.Build.0 = Debug|Any CPU
		{8B493FF7-CCB1-47CD-BA26-49075688E0A0}.Debug|Mixed Platforms.ActiveCfg = Debug|Any CPU
		{8B493FF7-CCB1-47CD-BA26-49075688E0A0}.Debug|Mixed Platforms.Build.0 = Debug|Any CPU
		{8B493FF7-CCB1-47CD-BA26-49075688E0A0}.Debug|Win32.ActiveCfg = Debug|x86
		{8B493FF7-CCB1-47CD-BA26-49075688E0A0}.Debug|Win32.Build.0 = Debug|x86
		{8B493FF7-CCB1-47CD-BA26-49075688E0A0}.Debug|x86.ActiveCfg = Debug|x86
		{8B493FF7-CCB1-47CD-BA26-49075688E0A0}.Debug|x86.Build.0 = Debug|x86
		{8B493FF7-CCB1-47CD-BA26-49075688E0A0}.Release|Any CPU.ActiveCfg = Release|Any CPU
		{8B493FF7-CCB1-47CD-BA26-49075688E0A0}.Release|Any CPU.Build.0 = Release|Any CPU
		{8B493FF7-CCB1-47CD-BA26-49075688E0A0}.Release|Mixed Platforms.ActiveCfg = Release|Any CPU
		{8B493FF7-CCB1-47CD-BA26-49075688E0A0}.Release|Mixed Platforms.Build.0 = Release|Any CPU
		{8B493FF7-CCB1-47CD-BA26-49075688E0A0}.Release|Win32.ActiveCfg = Release|Any CPU
		{8B493FF7-CCB1-47CD-BA26-49075688E0A0}.Release|x86.ActiveCfg = Release|x86
		{8B493FF7-CCB1-47CD-BA26-49075688E0A0}.Release|x86.Build.0 = Release|x86
		{C9450B6C-8BA5-4028-B863-0E1B30903817}.Debug|Any CPU.ActiveCfg = Debug|Any CPU
		{C9450B6C-8BA5-4028-B863-0E1B30903817}.Debug|Any CPU.Build.0 = Debug|Any CPU
		{C9450B6C-8BA5-4028-B863-0E1B30903817}.Debug|Mixed Platforms.ActiveCfg = Debug|Any CPU
		{C9450B6C-8BA5-4028-B863-0E1B30903817}.Debug|Mixed Platforms.Build.0 = Debug|Any CPU
		{C9450B6C-8BA5-4028-B863-0E1B30903817}.Debug|Win32.ActiveCfg = Debug|Any CPU
		{C9450B6C-8BA5-4028-B863-0E1B30903817}.Debug|Win32.Build.0 = Debug|Any CPU
		{C9450B6C-8BA5-4028-B863-0E1B30903817}.Debug|x86.ActiveCfg = Debug|Any CPU
		{C9450B6C-8BA5-4028-B863-0E1B30903817}.Debug|x86.Build.0 = Debug|Any CPU
		{C9450B6C-8BA5-4028-B863-0E1B30903817}.Release|Any CPU.ActiveCfg = Release|Any CPU
		{C9450B6C-8BA5-4028-B863-0E1B30903817}.Release|Any CPU.Build.0 = Release|Any CPU
		{C9450B6C-8BA5-4028-B863-0E1B30903817}.Release|Mixed Platforms.ActiveCfg = Release|Any CPU
		{C9450B6C-8BA5-4028-B863-0E1B30903817}.Release|Mixed Platforms.Build.0 = Release|Any CPU
		{C9450B6C-8BA5-4028-B863-0E1B30903817}.Release|Win32.ActiveCfg = Release|Any CPU
		{C9450B6C-8BA5-4028-B863-0E1B30903817}.Release|Win32.Build.0 = Release|Any CPU
		{C9450B6C-8BA5-4028-B863-0E1B30903817}.Release|x86.ActiveCfg = Release|Any CPU
		{C9450B6C-8BA5-4028-B863-0E1B30903817}.Release|x86.Build.0 = Release|Any CPU
		{FD938092-9488-4543-B997-DE30AF25E55D}.Debug|Any CPU.ActiveCfg = Debug|Any CPU
		{FD938092-9488-4543-B997-DE30AF25E55D}.Debug|Any CPU.Build.0 = Debug|Any CPU
		{FD938092-9488-4543-B997-DE30AF25E55D}.Debug|Mixed Platforms.ActiveCfg = Debug|Any CPU
		{FD938092-9488-4543-B997-DE30AF25E55D}.Debug|Mixed Platforms.Build.0 = Debug|Any CPU
		{FD938092-9488-4543-B997-DE30AF25E55D}.Debug|Win32.ActiveCfg = Debug|Any CPU
		{FD938092-9488-4543-B997-DE30AF25E55D}.Debug|x86.ActiveCfg = Debug|x86
		{FD938092-9488-4543-B997-DE30AF25E55D}.Debug|x86.Build.0 = Debug|x86
		{FD938092-9488-4543-B997-DE30AF25E55D}.Release|Any CPU.ActiveCfg = Release|Any CPU
		{FD938092-9488-4543-B997-DE30AF25E55D}.Release|Any CPU.Build.0 = Release|Any CPU
		{FD938092-9488-4543-B997-DE30AF25E55D}.Release|Mixed Platforms.ActiveCfg = Release|Any CPU
		{FD938092-9488-4543-B997-DE30AF25E55D}.Release|Mixed Platforms.Build.0 = Release|Any CPU
		{FD938092-9488-4543-B997-DE30AF25E55D}.Release|Win32.ActiveCfg = Release|Any CPU
		{FD938092-9488-4543-B997-DE30AF25E55D}.Release|x86.ActiveCfg = Release|x86
		{FD938092-9488-4543-B997-DE30AF25E55D}.Release|x86.Build.0 = Release|x86
	EndGlobalSection
	GlobalSection(MonoDevelopProperties) = preSolution
		StartupItem = SpoolerAccess\SpoolerAccess.vcxproj
	EndGlobalSection
	GlobalSection(SolutionProperties) = preSolution
		HideSolutionNode = FALSE
	EndGlobalSection
EndGlobal
